
Microsoft Visual Studio Solution File, Format Version 12.00
# Visual Studio Version 17
VisualStudioVersion = 17.2.32505.173
MinimumVisualStudioVersion = 10.0.40219.1
Project("{9A19103F-16F7-4668-BE54-9A1E7A4F7556}") = "IPFTechnicalTest", "IPFTechnicalTest\IPFTechnicalTest.csproj", "{87DD5922-E651-4B54-899A-8EF02041915A}"
EndProject
Project("{9A19103F-16F7-4668-BE54-9A1E7A4F7556}") = "IPFTechnicalTestUnitTests", "IPFTechnicalTestUnitTests\IPFTechnicalTestUnitTests.csproj", "{AFC0F4CD-64E7-452B-B449-5A7C10EFA335}"
EndProject
Global
	GlobalSection(SolutionConfigurationPlatforms) = preSolution
		Debug|Any CPU = Debug|Any CPU
		Release|Any CPU = Release|Any CPU
	EndGlobalSection
	GlobalSection(ProjectConfigurationPlatforms) = postSolution
		{87DD5922-E651-4B54-899A-8EF02041915A}.Debug|Any CPU.ActiveCfg = Debug|Any CPU
		{87DD5922-E651-4B54-899A-8EF02041915A}.Debug|Any CPU.Build.0 = Debug|Any CPU
		{87DD5922-E651-4B54-899A-8EF02041915A}.Release|Any CPU.ActiveCfg = Release|Any CPU
		{87DD5922-E651-4B54-899A-8EF02041915A}.Release|Any CPU.Build.0 = Release|Any CPU
		{AFC0F4CD-64E7-452B-B449-5A7C10EFA335}.Debug|Any CPU.ActiveCfg = Debug|Any CPU
		{AFC0F4CD-64E7-452B-B449-5A7C10EFA335}.Debug|Any CPU.Build.0 = Debug|Any CPU
		{AFC0F4CD-64E7-452B-B449-5A7C10EFA335}.Release|Any CPU.ActiveCfg = Release|Any CPU
		{AFC0F4CD-64E7-452B-B449-5A7C10EFA335}.Release|Any CPU.Build.0 = Release|Any CPU
	EndGlobalSection
	GlobalSection(SolutionProperties) = preSolution
		HideSolutionNode = FALSE
	EndGlobalSection
	GlobalSection(ExtensibilityGlobals) = postSolution
		SolutionGuid = {14198D0E-A129-4D4B-A472-4A9A405059B9}
	EndGlobalSection
EndGlobal
